
Microsoft Visual Studio Solution File, Format Version 12.00
# Visual Studio Version 17
VisualStudioVersion = 17.5.33502.453
MinimumVisualStudioVersion = 10.0.40219.1
Project("{9A19103F-16F7-4668-BE54-9A1E7A4F7556}") = "KUMF5H_HFT_2021221.Models", "KUMF5H_HFT_2021221.Models\KUMF5H_HFT_2021221.Models.csproj", "{A14217F7-A2C0-47A3-BC7A-5FE81CEDB46D}"
EndProject
Project("{9A19103F-16F7-4668-BE54-9A1E7A4F7556}") = "KUMF5H_HFT_2021221.Data", "KUMF5H_HFT_2021221.Data\KUMF5H_HFT_2021221.Data.csproj", "{26521222-763D-4051-88D7-68997A9B6544}"
EndProject
Project("{9A19103F-16F7-4668-BE54-9A1E7A4F7556}") = "KUMF5H_HFT_2021221.Logic", "KUMF5H_HFT_2021221.Logic\KUMF5H_HFT_2021221.Logic.csproj", "{E4FA14CB-911A-4B04-9DF1-3F0E98602CA3}"
EndProject
Project("{9A19103F-16F7-4668-BE54-9A1E7A4F7556}") = "KUMF5H_HFT_2021221.Repository", "KUMF5H_HFT_2021221.Repository\KUMF5H_HFT_2021221.Repository.csproj", "{608B4EA8-376B-43B8-84AB-3A6D0FC9BA12}"
EndProject
Project("{9A19103F-16F7-4668-BE54-9A1E7A4F7556}") = "KUMF5H_HFT_2021221.Test", "KUMF5H_HFT_2021221.Test\KUMF5H_HFT_2021221.Test.csproj", "{CC55465E-850B-446B-B632-4169896D6E18}"
EndProject
Project("{2150E333-8FDC-42A3-9474-1A3956D46DE8}") = "Backend", "Backend", "{F65FF6A5-571C-4E48-8CE3-DA98C822E9C7}"
EndProject
Project("{2150E333-8FDC-42A3-9474-1A3956D46DE8}") = "Frontend", "Frontend", "{7383D005-F60A-4B74-B93D-80105A9F9111}"
EndProject
Project("{2150E333-8FDC-42A3-9474-1A3956D46DE8}") = "Shared", "Shared", "{258C5C7D-9D5A-4505-A863-05A3616F8882}"
EndProject
Project("{2150E333-8FDC-42A3-9474-1A3956D46DE8}") = "Others", "Others", "{BD140780-D7A5-4D85-9A96-33C78B741E35}"
	ProjectSection(SolutionItems) = preProject
		..\.gitignore = ..\.gitignore
	EndProjectSection
EndProject
Project("{9A19103F-16F7-4668-BE54-9A1E7A4F7556}") = "KUMF5H_HFT_2021221.Client", "KUMF5H_HFT_2021221.Client\KUMF5H_HFT_2021221.Client.csproj", "{623DEE96-7122-4377-87E3-510D97BFFE39}"
EndProject
Project("{9A19103F-16F7-4668-BE54-9A1E7A4F7556}") = "KUMF5H_HFT_2021221.Endpoint", "KUMF5H_HFT_2021221.Endpoint\KUMF5H_HFT_2021221.Endpoint.csproj", "{7D4EBCAF-7C9E-41E6-8577-C3F9E9CA92E9}"
EndProject
Project("{FAE04EC0-301F-11D3-BF4B-00C04F79EFBC}") = "KUMF5H_HFT_2021221.WpfClient", "KUMF5H_HFT_2021221.WpfClient\KUMF5H_HFT_2021221.WpfClient.csproj", "{663EDD43-42B6-463D-875A-6728AE61EB3F}"
EndProject
Global
	GlobalSection(SolutionConfigurationPlatforms) = preSolution
		Debug|Any CPU = Debug|Any CPU
		Release|Any CPU = Release|Any CPU
	EndGlobalSection
	GlobalSection(ProjectConfigurationPlatforms) = postSolution
		{A14217F7-A2C0-47A3-BC7A-5FE81CEDB46D}.Debug|Any CPU.ActiveCfg = Debug|Any CPU
		{A14217F7-A2C0-47A3-BC7A-5FE81CEDB46D}.Debug|Any CPU.Build.0 = Debug|Any CPU
		{A14217F7-A2C0-47A3-BC7A-5FE81CEDB46D}.Release|Any CPU.ActiveCfg = Release|Any CPU
		{A14217F7-A2C0-47A3-BC7A-5FE81CEDB46D}.Release|Any CPU.Build.0 = Release|Any CPU
		{26521222-763D-4051-88D7-68997A9B6544}.Debug|Any CPU.ActiveCfg = Debug|Any CPU
		{26521222-763D-4051-88D7-68997A9B6544}.Debug|Any CPU.Build.0 = Debug|Any CPU
		{26521222-763D-4051-88D7-68997A9B6544}.Release|Any CPU.ActiveCfg = Release|Any CPU
		{26521222-763D-4051-88D7-68997A9B6544}.Release|Any CPU.Build.0 = Release|Any CPU
		{E4FA14CB-911A-4B04-9DF1-3F0E98602CA3}.Debug|Any CPU.ActiveCfg = Debug|Any CPU
		{E4FA14CB-911A-4B04-9DF1-3F0E98602CA3}.Debug|Any CPU.Build.0 = Debug|Any CPU
		{E4FA14CB-911A-4B04-9DF1-3F0E98602CA3}.Release|Any CPU.ActiveCfg = Release|Any CPU
		{E4FA14CB-911A-4B04-9DF1-3F0E98602CA3}.Release|Any CPU.Build.0 = Release|Any CPU
		{608B4EA8-376B-43B8-84AB-3A6D0FC9BA12}.Debug|Any CPU.ActiveCfg = Debug|Any CPU
		{608B4EA8-376B-43B8-84AB-3A6D0FC9BA12}.Debug|Any CPU.Build.0 = Debug|Any CPU
		{608B4EA8-376B-43B8-84AB-3A6D0FC9BA12}.Release|Any CPU.ActiveCfg = Release|Any CPU
		{608B4EA8-376B-43B8-84AB-3A6D0FC9BA12}.Release|Any CPU.Build.0 = Release|Any CPU
		{CC55465E-850B-446B-B632-4169896D6E18}.Debug|Any CPU.ActiveCfg = Debug|Any CPU
		{CC55465E-850B-446B-B632-4169896D6E18}.Debug|Any CPU.Build.0 = Debug|Any CPU
		{CC55465E-850B-446B-B632-4169896D6E18}.Release|Any CPU.ActiveCfg = Release|Any CPU
		{CC55465E-850B-446B-B632-4169896D6E18}.Release|Any CPU.Build.0 = Release|Any CPU
		{623DEE96-7122-4377-87E3-510D97BFFE39}.Debug|Any CPU.ActiveCfg = Debug|Any CPU
		{623DEE96-7122-4377-87E3-510D97BFFE39}.Debug|Any CPU.Build.0 = Debug|Any CPU
		{623DEE96-7122-4377-87E3-510D97BFFE39}.Release|Any CPU.ActiveCfg = Release|Any CPU
		{623DEE96-7122-4377-87E3-510D97BFFE39}.Release|Any CPU.Build.0 = Release|Any CPU
		{7D4EBCAF-7C9E-41E6-8577-C3F9E9CA92E9}.Debug|Any CPU.ActiveCfg = Debug|Any CPU
		{7D4EBCAF-7C9E-41E6-8577-C3F9E9CA92E9}.Debug|Any CPU.Build.0 = Debug|Any CPU
		{7D4EBCAF-7C9E-41E6-8577-C3F9E9CA92E9}.Release|Any CPU.ActiveCfg = Release|Any CPU
		{7D4EBCAF-7C9E-41E6-8577-C3F9E9CA92E9}.Release|Any CPU.Build.0 = Release|Any CPU
		{663EDD43-42B6-463D-875A-6728AE61EB3F}.Debug|Any CPU.ActiveCfg = Debug|Any CPU
		{663EDD43-42B6-463D-875A-6728AE61EB3F}.Debug|Any CPU.Build.0 = Debug|Any CPU
		{663EDD43-42B6-463D-875A-6728AE61EB3F}.Release|Any CPU.ActiveCfg = Release|Any CPU
		{663EDD43-42B6-463D-875A-6728AE61EB3F}.Release|Any CPU.Build.0 = Release|Any CPU
	EndGlobalSection
	GlobalSection(SolutionProperties) = preSolution
		HideSolutionNode = FALSE
	EndGlobalSection
	GlobalSection(NestedProjects) = preSolution
		{A14217F7-A2C0-47A3-BC7A-5FE81CEDB46D} = {258C5C7D-9D5A-4505-A863-05A3616F8882}
		{26521222-763D-4051-88D7-68997A9B6544} = {F65FF6A5-571C-4E48-8CE3-DA98C822E9C7}
		{E4FA14CB-911A-4B04-9DF1-3F0E98602CA3} = {F65FF6A5-571C-4E48-8CE3-DA98C822E9C7}
		{608B4EA8-376B-43B8-84AB-3A6D0FC9BA12} = {F65FF6A5-571C-4E48-8CE3-DA98C822E9C7}
		{CC55465E-850B-446B-B632-4169896D6E18} = {F65FF6A5-571C-4E48-8CE3-DA98C822E9C7}
		{623DEE96-7122-4377-87E3-510D97BFFE39} = {7383D005-F60A-4B74-B93D-80105A9F9111}
		{7D4EBCAF-7C9E-41E6-8577-C3F9E9CA92E9} = {F65FF6A5-571C-4E48-8CE3-DA98C822E9C7}
	EndGlobalSection
	GlobalSection(ExtensibilityGlobals) = postSolution
		SolutionGuid = {C28A6F54-D394-4432-BFDD-2D45755467F2}
	EndGlobalSection
EndGlobal
